
Microsoft Visual Studio Solution File, Format Version 12.00
# Visual Studio Version 16
VisualStudioVersion = 16.0.30804.86
MinimumVisualStudioVersion = 10.0.40219.1
Project("{FAE04EC0-301F-11D3-BF4B-00C04F79EFBC}") = "Bitcoin Tallennin", "Bitcoin Tallennin.csproj", "{2FF2EFD3-5718-4497-AD82-F540529D8BD3}"
EndProject
Global
	GlobalSection(SolutionConfigurationPlatforms) = preSolution
		Debug|Any CPU = Debug|Any CPU
		Release|Any CPU = Release|Any CPU
	EndGlobalSection
	GlobalSection(ProjectConfigurationPlatforms) = postSolution
		{2FF2EFD3-5718-4497-AD82-F540529D8BD3}.Debug|Any CPU.ActiveCfg = Debug|Any CPU
		{2FF2EFD3-5718-4497-AD82-F540529D8BD3}.Debug|Any CPU.Build.0 = Debug|Any CPU
		{2FF2EFD3-5718-4497-AD82-F540529D8BD3}.Release|Any CPU.ActiveCfg = Release|Any CPU
		{2FF2EFD3-5718-4497-AD82-F540529D8BD3}.Release|Any CPU.Build.0 = Release|Any CPU
	EndGlobalSection
	GlobalSection(SolutionProperties) = preSolution
		HideSolutionNode = FALSE
	EndGlobalSection
	GlobalSection(ExtensibilityGlobals) = postSolution
		SolutionGuid = {B8E135FF-ECEA-444D-8B32-25397F1933CD}
	EndGlobalSection
EndGlobal
